
Microsoft Visual Studio Solution File, Format Version 12.00
# Visual Studio 15
VisualStudioVersion = 15.0.28010.2036
MinimumVisualStudioVersion = 10.0.40219.1
Project("{888888A0-9F3D-457C-B088-3A5042F75D52}") = "Sales Prediction", "Sales Prediction\Sales Prediction.pyproj", "{ABCBEF93-A8D8-4E53-A159-92005230F99F}"
EndProject
Global
	GlobalSection(SolutionConfigurationPlatforms) = preSolution
		Debug|Any CPU = Debug|Any CPU
		Release|Any CPU = Release|Any CPU
	EndGlobalSection
	GlobalSection(ProjectConfigurationPlatforms) = postSolution
		{ABCBEF93-A8D8-4E53-A159-92005230F99F}.Debug|Any CPU.ActiveCfg = Debug|Any CPU
		{ABCBEF93-A8D8-4E53-A159-92005230F99F}.Release|Any CPU.ActiveCfg = Release|Any CPU
	EndGlobalSection
	GlobalSection(SolutionProperties) = preSolution
		HideSolutionNode = FALSE
	EndGlobalSection
	GlobalSection(ExtensibilityGlobals) = postSolution
		SolutionGuid = {5C065968-F855-4187-8BC1-F0D6407BED1C}
	EndGlobalSection
EndGlobal
