
Microsoft Visual Studio Solution File, Format Version 12.00
# Visual Studio 15
VisualStudioVersion = 15.0.28010.2036
MinimumVisualStudioVersion = 10.0.40219.1
Project("{888888A0-9F3D-457C-B088-3A5042F75D52}") = "Population Data", "Population Data\Population Data.pyproj", "{0A62E316-4CBA-4AD6-9C6D-7784806CC3CD}"
EndProject
Global
	GlobalSection(SolutionConfigurationPlatforms) = preSolution
		Debug|Any CPU = Debug|Any CPU
		Release|Any CPU = Release|Any CPU
	EndGlobalSection
	GlobalSection(ProjectConfigurationPlatforms) = postSolution
		{0A62E316-4CBA-4AD6-9C6D-7784806CC3CD}.Debug|Any CPU.ActiveCfg = Debug|Any CPU
		{0A62E316-4CBA-4AD6-9C6D-7784806CC3CD}.Release|Any CPU.ActiveCfg = Release|Any CPU
	EndGlobalSection
	GlobalSection(SolutionProperties) = preSolution
		HideSolutionNode = FALSE
	EndGlobalSection
	GlobalSection(ExtensibilityGlobals) = postSolution
		SolutionGuid = {E8689201-C40E-4973-92CE-38D129C5166A}
	EndGlobalSection
EndGlobal
