
Microsoft Visual Studio Solution File, Format Version 12.00
# Visual Studio 15
VisualStudioVersion = 15.0.28010.2036
MinimumVisualStudioVersion = 10.0.40219.1
Project("{888888A0-9F3D-457C-B088-3A5042F75D52}") = "Mass and Weight", "Mass and Weight\Mass and Weight.pyproj", "{20CD842B-7811-494E-A2F9-56ADCF8B0B77}"
EndProject
Global
	GlobalSection(SolutionConfigurationPlatforms) = preSolution
		Debug|Any CPU = Debug|Any CPU
		Release|Any CPU = Release|Any CPU
	EndGlobalSection
	GlobalSection(ProjectConfigurationPlatforms) = postSolution
		{20CD842B-7811-494E-A2F9-56ADCF8B0B77}.Debug|Any CPU.ActiveCfg = Debug|Any CPU
		{20CD842B-7811-494E-A2F9-56ADCF8B0B77}.Release|Any CPU.ActiveCfg = Release|Any CPU
	EndGlobalSection
	GlobalSection(SolutionProperties) = preSolution
		HideSolutionNode = FALSE
	EndGlobalSection
	GlobalSection(ExtensibilityGlobals) = postSolution
		SolutionGuid = {54F71053-82BC-4577-BAAC-63DEC6A20156}
	EndGlobalSection
EndGlobal
