
Microsoft Visual Studio Solution File, Format Version 12.00
# Visual Studio 15
VisualStudioVersion = 15.0.28010.2036
MinimumVisualStudioVersion = 10.0.40219.1
Project("{888888A0-9F3D-457C-B088-3A5042F75D52}") = "Falling Distance", "Falling Distance\Falling Distance.pyproj", "{98262253-AFB1-482F-A793-C184C1214C59}"
EndProject
Global
	GlobalSection(SolutionConfigurationPlatforms) = preSolution
		Debug|Any CPU = Debug|Any CPU
		Release|Any CPU = Release|Any CPU
	EndGlobalSection
	GlobalSection(ProjectConfigurationPlatforms) = postSolution
		{98262253-AFB1-482F-A793-C184C1214C59}.Debug|Any CPU.ActiveCfg = Debug|Any CPU
		{98262253-AFB1-482F-A793-C184C1214C59}.Release|Any CPU.ActiveCfg = Release|Any CPU
	EndGlobalSection
	GlobalSection(SolutionProperties) = preSolution
		HideSolutionNode = FALSE
	EndGlobalSection
	GlobalSection(ExtensibilityGlobals) = postSolution
		SolutionGuid = {C84481A6-18B7-421C-894B-C088918339E6}
	EndGlobalSection
EndGlobal
