
Microsoft Visual Studio Solution File, Format Version 12.00
# Visual Studio 15
VisualStudioVersion = 15.0.28010.2036
MinimumVisualStudioVersion = 10.0.40219.1
Project("{888888A0-9F3D-457C-B088-3A5042F75D52}") = "World Series Champions", "World Series Champions\World Series Champions.pyproj", "{B0F4D0CF-AD1B-4205-9BBF-717FE562B305}"
EndProject
Global
	GlobalSection(SolutionConfigurationPlatforms) = preSolution
		Debug|Any CPU = Debug|Any CPU
		Release|Any CPU = Release|Any CPU
	EndGlobalSection
	GlobalSection(ProjectConfigurationPlatforms) = postSolution
		{B0F4D0CF-AD1B-4205-9BBF-717FE562B305}.Debug|Any CPU.ActiveCfg = Debug|Any CPU
		{B0F4D0CF-AD1B-4205-9BBF-717FE562B305}.Release|Any CPU.ActiveCfg = Release|Any CPU
	EndGlobalSection
	GlobalSection(SolutionProperties) = preSolution
		HideSolutionNode = FALSE
	EndGlobalSection
	GlobalSection(ExtensibilityGlobals) = postSolution
		SolutionGuid = {6C46AF88-592C-45EE-BBEB-16E66B7A577D}
	EndGlobalSection
EndGlobal
