
Microsoft Visual Studio Solution File, Format Version 12.00
# Visual Studio 15
VisualStudioVersion = 15.0.28010.2036
MinimumVisualStudioVersion = 10.0.40219.1
Project("{888888A0-9F3D-457C-B088-3A5042F75D52}") = "Pig Latin", "Pig Latin\Pig Latin.pyproj", "{7C68AF67-F73D-411B-909D-9111DA95C6BE}"
EndProject
Global
	GlobalSection(SolutionConfigurationPlatforms) = preSolution
		Debug|Any CPU = Debug|Any CPU
		Release|Any CPU = Release|Any CPU
	EndGlobalSection
	GlobalSection(ProjectConfigurationPlatforms) = postSolution
		{7C68AF67-F73D-411B-909D-9111DA95C6BE}.Debug|Any CPU.ActiveCfg = Debug|Any CPU
		{7C68AF67-F73D-411B-909D-9111DA95C6BE}.Release|Any CPU.ActiveCfg = Release|Any CPU
	EndGlobalSection
	GlobalSection(SolutionProperties) = preSolution
		HideSolutionNode = FALSE
	EndGlobalSection
	GlobalSection(ExtensibilityGlobals) = postSolution
		SolutionGuid = {8BC0CD94-E9AE-4284-8F6E-ED1C52E4F613}
	EndGlobalSection
EndGlobal
