
Microsoft Visual Studio Solution File, Format Version 12.00
# Visual Studio 15
VisualStudioVersion = 15.0.28010.2036
MinimumVisualStudioVersion = 10.0.40219.1
Project("{888888A0-9F3D-457C-B088-3A5042F75D52}") = "Blackjack Simulation", "Blackjack Simulation\Blackjack Simulation.pyproj", "{1CCC092F-BD11-4A9A-A4E5-3BB93B5802A4}"
EndProject
Global
	GlobalSection(SolutionConfigurationPlatforms) = preSolution
		Debug|Any CPU = Debug|Any CPU
		Release|Any CPU = Release|Any CPU
	EndGlobalSection
	GlobalSection(ProjectConfigurationPlatforms) = postSolution
		{1CCC092F-BD11-4A9A-A4E5-3BB93B5802A4}.Debug|Any CPU.ActiveCfg = Debug|Any CPU
		{1CCC092F-BD11-4A9A-A4E5-3BB93B5802A4}.Release|Any CPU.ActiveCfg = Release|Any CPU
	EndGlobalSection
	GlobalSection(SolutionProperties) = preSolution
		HideSolutionNode = FALSE
	EndGlobalSection
	GlobalSection(ExtensibilityGlobals) = postSolution
		SolutionGuid = {6A9E185B-9095-4CA7-A230-BE4C143B2980}
	EndGlobalSection
EndGlobal
