
Microsoft Visual Studio Solution File, Format Version 12.00
# Visual Studio 15
VisualStudioVersion = 15.0.28010.2036
MinimumVisualStudioVersion = 10.0.40219.1
Project("{888888A0-9F3D-457C-B088-3A5042F75D52}") = "Charge Account Validation", "Charge Account Validation\Charge Account Validation.pyproj", "{DA47B113-CBCC-49F3-A4D9-106EE17AABD2}"
EndProject
Global
	GlobalSection(SolutionConfigurationPlatforms) = preSolution
		Debug|Any CPU = Debug|Any CPU
		Release|Any CPU = Release|Any CPU
	EndGlobalSection
	GlobalSection(ProjectConfigurationPlatforms) = postSolution
		{DA47B113-CBCC-49F3-A4D9-106EE17AABD2}.Debug|Any CPU.ActiveCfg = Debug|Any CPU
		{DA47B113-CBCC-49F3-A4D9-106EE17AABD2}.Release|Any CPU.ActiveCfg = Release|Any CPU
	EndGlobalSection
	GlobalSection(SolutionProperties) = preSolution
		HideSolutionNode = FALSE
	EndGlobalSection
	GlobalSection(ExtensibilityGlobals) = postSolution
		SolutionGuid = {57168FA0-C737-4292-935C-28792ADF76FE}
	EndGlobalSection
EndGlobal
