
Microsoft Visual Studio Solution File, Format Version 12.00
# Visual Studio 15
VisualStudioVersion = 15.0.28010.2036
MinimumVisualStudioVersion = 10.0.40219.1
Project("{888888A0-9F3D-457C-B088-3A5042F75D52}") = "Maximum of Two Values", "Maximum of Two Values\Maximum of Two Values.pyproj", "{2F556109-691E-4B21-8A8F-3FA598AC8519}"
EndProject
Global
	GlobalSection(SolutionConfigurationPlatforms) = preSolution
		Debug|Any CPU = Debug|Any CPU
		Release|Any CPU = Release|Any CPU
	EndGlobalSection
	GlobalSection(ProjectConfigurationPlatforms) = postSolution
		{2F556109-691E-4B21-8A8F-3FA598AC8519}.Debug|Any CPU.ActiveCfg = Debug|Any CPU
		{2F556109-691E-4B21-8A8F-3FA598AC8519}.Release|Any CPU.ActiveCfg = Release|Any CPU
	EndGlobalSection
	GlobalSection(SolutionProperties) = preSolution
		HideSolutionNode = FALSE
	EndGlobalSection
	GlobalSection(ExtensibilityGlobals) = postSolution
		SolutionGuid = {0F9C2B88-169B-4F72-A7DE-A70E38481636}
	EndGlobalSection
EndGlobal
