
Microsoft Visual Studio Solution File, Format Version 12.00
# Visual Studio 15
VisualStudioVersion = 15.0.28010.2036
MinimumVisualStudioVersion = 10.0.40219.1
Project("{888888A0-9F3D-457C-B088-3A5042F75D52}") = "Word Separator", "Word Separator\Word Separator.pyproj", "{C855DCE0-D7B3-4406-92B6-10600EFB2FA9}"
EndProject
Global
	GlobalSection(SolutionConfigurationPlatforms) = preSolution
		Debug|Any CPU = Debug|Any CPU
		Release|Any CPU = Release|Any CPU
	EndGlobalSection
	GlobalSection(ProjectConfigurationPlatforms) = postSolution
		{C855DCE0-D7B3-4406-92B6-10600EFB2FA9}.Debug|Any CPU.ActiveCfg = Debug|Any CPU
		{C855DCE0-D7B3-4406-92B6-10600EFB2FA9}.Release|Any CPU.ActiveCfg = Release|Any CPU
	EndGlobalSection
	GlobalSection(SolutionProperties) = preSolution
		HideSolutionNode = FALSE
	EndGlobalSection
	GlobalSection(ExtensibilityGlobals) = postSolution
		SolutionGuid = {379849FE-8CBD-41EB-8E1D-10FCB5D33D71}
	EndGlobalSection
EndGlobal
