
Microsoft Visual Studio Solution File, Format Version 12.00
# Visual Studio 15
VisualStudioVersion = 15.0.28010.2036
MinimumVisualStudioVersion = 10.0.40219.1
Project("{888888A0-9F3D-457C-B088-3A5042F75D52}") = "Driver's License Exam", "Driver's License Exam\Driver's License Exam.pyproj", "{78E60A27-8545-4497-A964-ADB7E4BE198F}"
EndProject
Global
	GlobalSection(SolutionConfigurationPlatforms) = preSolution
		Debug|Any CPU = Debug|Any CPU
		Release|Any CPU = Release|Any CPU
	EndGlobalSection
	GlobalSection(ProjectConfigurationPlatforms) = postSolution
		{78E60A27-8545-4497-A964-ADB7E4BE198F}.Debug|Any CPU.ActiveCfg = Debug|Any CPU
		{78E60A27-8545-4497-A964-ADB7E4BE198F}.Release|Any CPU.ActiveCfg = Release|Any CPU
	EndGlobalSection
	GlobalSection(SolutionProperties) = preSolution
		HideSolutionNode = FALSE
	EndGlobalSection
	GlobalSection(ExtensibilityGlobals) = postSolution
		SolutionGuid = {F02EAD6F-249C-464B-A2A6-A24D9B631F7C}
	EndGlobalSection
EndGlobal
