
Microsoft Visual Studio Solution File, Format Version 12.00
# Visual Studio 15
VisualStudioVersion = 15.0.28010.2036
MinimumVisualStudioVersion = 10.0.40219.1
Project("{888888A0-9F3D-457C-B088-3A5042F75D52}") = "Character Analysis", "Character Analysis\Character Analysis.pyproj", "{AC0BE1B4-19B8-434C-988C-78CE5B0B7ADA}"
EndProject
Global
	GlobalSection(SolutionConfigurationPlatforms) = preSolution
		Debug|Any CPU = Debug|Any CPU
		Release|Any CPU = Release|Any CPU
	EndGlobalSection
	GlobalSection(ProjectConfigurationPlatforms) = postSolution
		{AC0BE1B4-19B8-434C-988C-78CE5B0B7ADA}.Debug|Any CPU.ActiveCfg = Debug|Any CPU
		{AC0BE1B4-19B8-434C-988C-78CE5B0B7ADA}.Release|Any CPU.ActiveCfg = Release|Any CPU
	EndGlobalSection
	GlobalSection(SolutionProperties) = preSolution
		HideSolutionNode = FALSE
	EndGlobalSection
	GlobalSection(ExtensibilityGlobals) = postSolution
		SolutionGuid = {DF63A532-378D-44E9-976A-13324A86D657}
	EndGlobalSection
EndGlobal
