
Microsoft Visual Studio Solution File, Format Version 12.00
# Visual Studio 15
VisualStudioVersion = 15.0.28010.2036
MinimumVisualStudioVersion = 10.0.40219.1
Project("{888888A0-9F3D-457C-B088-3A5042F75D52}") = "Tuition Increase", "Tuition Increase\Tuition Increase.pyproj", "{7D460F28-4192-445C-88FD-0779297D5B50}"
EndProject
Global
	GlobalSection(SolutionConfigurationPlatforms) = preSolution
		Debug|Any CPU = Debug|Any CPU
		Release|Any CPU = Release|Any CPU
	EndGlobalSection
	GlobalSection(ProjectConfigurationPlatforms) = postSolution
		{7D460F28-4192-445C-88FD-0779297D5B50}.Debug|Any CPU.ActiveCfg = Debug|Any CPU
		{7D460F28-4192-445C-88FD-0779297D5B50}.Release|Any CPU.ActiveCfg = Release|Any CPU
	EndGlobalSection
	GlobalSection(SolutionProperties) = preSolution
		HideSolutionNode = FALSE
	EndGlobalSection
	GlobalSection(ExtensibilityGlobals) = postSolution
		SolutionGuid = {B60D3714-587A-4DED-A2EA-FA5738E680BF}
	EndGlobalSection
EndGlobal
