
Microsoft Visual Studio Solution File, Format Version 12.00
# Visual Studio 15
VisualStudioVersion = 15.0.28010.2036
MinimumVisualStudioVersion = 10.0.40219.1
Project("{888888A0-9F3D-457C-B088-3A5042F75D52}") = "Land Calculation", "Land Calculation\Land Calculation.pyproj", "{8C466BFC-2B40-4942-8A7C-0661552DC910}"
EndProject
Global
	GlobalSection(SolutionConfigurationPlatforms) = preSolution
		Debug|Any CPU = Debug|Any CPU
		Release|Any CPU = Release|Any CPU
	EndGlobalSection
	GlobalSection(ProjectConfigurationPlatforms) = postSolution
		{8C466BFC-2B40-4942-8A7C-0661552DC910}.Debug|Any CPU.ActiveCfg = Debug|Any CPU
		{8C466BFC-2B40-4942-8A7C-0661552DC910}.Release|Any CPU.ActiveCfg = Release|Any CPU
	EndGlobalSection
	GlobalSection(SolutionProperties) = preSolution
		HideSolutionNode = FALSE
	EndGlobalSection
	GlobalSection(ExtensibilityGlobals) = postSolution
		SolutionGuid = {117D27E1-41DF-4C0E-B451-38255965D993}
	EndGlobalSection
EndGlobal
