
Microsoft Visual Studio Solution File, Format Version 12.00
# Visual Studio 15
VisualStudioVersion = 15.0.28010.2036
MinimumVisualStudioVersion = 10.0.40219.1
Project("{888888A0-9F3D-457C-B088-3A5042F75D52}") = "Kinetic Energy", "Kinetic Energy\Kinetic Energy.pyproj", "{7B318C2B-1606-41AF-98CC-CA118CD93BBB}"
EndProject
Global
	GlobalSection(SolutionConfigurationPlatforms) = preSolution
		Debug|Any CPU = Debug|Any CPU
		Release|Any CPU = Release|Any CPU
	EndGlobalSection
	GlobalSection(ProjectConfigurationPlatforms) = postSolution
		{7B318C2B-1606-41AF-98CC-CA118CD93BBB}.Debug|Any CPU.ActiveCfg = Debug|Any CPU
		{7B318C2B-1606-41AF-98CC-CA118CD93BBB}.Release|Any CPU.ActiveCfg = Release|Any CPU
	EndGlobalSection
	GlobalSection(SolutionProperties) = preSolution
		HideSolutionNode = FALSE
	EndGlobalSection
	GlobalSection(ExtensibilityGlobals) = postSolution
		SolutionGuid = {7E503FD4-B6B0-4299-A007-69BE12E1D763}
	EndGlobalSection
EndGlobal
