
Microsoft Visual Studio Solution File, Format Version 12.00
# Visual Studio 15
VisualStudioVersion = 15.0.28010.2036
MinimumVisualStudioVersion = 10.0.40219.1
Project("{888888A0-9F3D-457C-B088-3A5042F75D52}") = "Celsius to Fahrenheit", "Celsius to Fahrenheit\Celsius to Fahrenheit.pyproj", "{B460BF1F-5040-46EE-BEBC-DCCACB30F47B}"
EndProject
Global
	GlobalSection(SolutionConfigurationPlatforms) = preSolution
		Debug|Any CPU = Debug|Any CPU
		Release|Any CPU = Release|Any CPU
	EndGlobalSection
	GlobalSection(ProjectConfigurationPlatforms) = postSolution
		{B460BF1F-5040-46EE-BEBC-DCCACB30F47B}.Debug|Any CPU.ActiveCfg = Debug|Any CPU
		{B460BF1F-5040-46EE-BEBC-DCCACB30F47B}.Release|Any CPU.ActiveCfg = Release|Any CPU
	EndGlobalSection
	GlobalSection(SolutionProperties) = preSolution
		HideSolutionNode = FALSE
	EndGlobalSection
	GlobalSection(ExtensibilityGlobals) = postSolution
		SolutionGuid = {FF2701C2-0211-4A4C-9E97-92940B4B77B2}
	EndGlobalSection
EndGlobal
