
Microsoft Visual Studio Solution File, Format Version 12.00
# Visual Studio 15
VisualStudioVersion = 15.0.28010.2036
MinimumVisualStudioVersion = 10.0.40219.1
Project("{888888A0-9F3D-457C-B088-3A5042F75D52}") = "Roman Numeral Converter", "Roman Numeral Converter\Roman Numeral Converter.pyproj", "{289BA6A7-7D61-4ADF-BC31-993F2CAE2594}"
EndProject
Global
	GlobalSection(SolutionConfigurationPlatforms) = preSolution
		Debug|Any CPU = Debug|Any CPU
		Release|Any CPU = Release|Any CPU
	EndGlobalSection
	GlobalSection(ProjectConfigurationPlatforms) = postSolution
		{289BA6A7-7D61-4ADF-BC31-993F2CAE2594}.Debug|Any CPU.ActiveCfg = Debug|Any CPU
		{289BA6A7-7D61-4ADF-BC31-993F2CAE2594}.Release|Any CPU.ActiveCfg = Release|Any CPU
	EndGlobalSection
	GlobalSection(SolutionProperties) = preSolution
		HideSolutionNode = FALSE
	EndGlobalSection
	GlobalSection(ExtensibilityGlobals) = postSolution
		SolutionGuid = {5FDE93BC-7A0F-4929-8937-E3B36E97BE78}
	EndGlobalSection
EndGlobal
