
Microsoft Visual Studio Solution File, Format Version 12.00
# Visual Studio 15
VisualStudioVersion = 15.0.28010.2036
MinimumVisualStudioVersion = 10.0.40219.1
Project("{888888A0-9F3D-457C-B088-3A5042F75D52}") = "Stadium Seating", "Stadium Seating\Stadium Seating.pyproj", "{42F3F9F7-C7AB-4294-BA48-2297E0276FFF}"
EndProject
Global
	GlobalSection(SolutionConfigurationPlatforms) = preSolution
		Debug|Any CPU = Debug|Any CPU
		Release|Any CPU = Release|Any CPU
	EndGlobalSection
	GlobalSection(ProjectConfigurationPlatforms) = postSolution
		{42F3F9F7-C7AB-4294-BA48-2297E0276FFF}.Debug|Any CPU.ActiveCfg = Debug|Any CPU
		{42F3F9F7-C7AB-4294-BA48-2297E0276FFF}.Release|Any CPU.ActiveCfg = Release|Any CPU
	EndGlobalSection
	GlobalSection(SolutionProperties) = preSolution
		HideSolutionNode = FALSE
	EndGlobalSection
	GlobalSection(ExtensibilityGlobals) = postSolution
		SolutionGuid = {CB349543-70B5-4A48-8D9B-F83C96111C86}
	EndGlobalSection
EndGlobal
