
Microsoft Visual Studio Solution File, Format Version 12.00
# Visual Studio 15
VisualStudioVersion = 15.0.28010.2036
MinimumVisualStudioVersion = 10.0.40219.1
Project("{888888A0-9F3D-457C-B088-3A5042F75D52}") = "Day of the Week", "Day of the Week\Day of the Week.pyproj", "{DC649FE8-21CA-43A9-883D-01E153E8B236}"
EndProject
Global
	GlobalSection(SolutionConfigurationPlatforms) = preSolution
		Debug|Any CPU = Debug|Any CPU
		Release|Any CPU = Release|Any CPU
	EndGlobalSection
	GlobalSection(ProjectConfigurationPlatforms) = postSolution
		{DC649FE8-21CA-43A9-883D-01E153E8B236}.Debug|Any CPU.ActiveCfg = Debug|Any CPU
		{DC649FE8-21CA-43A9-883D-01E153E8B236}.Release|Any CPU.ActiveCfg = Release|Any CPU
	EndGlobalSection
	GlobalSection(SolutionProperties) = preSolution
		HideSolutionNode = FALSE
	EndGlobalSection
	GlobalSection(ExtensibilityGlobals) = postSolution
		SolutionGuid = {FECD4A2F-51F2-4ED6-8315-78D23DBE840A}
	EndGlobalSection
EndGlobal
