
Microsoft Visual Studio Solution File, Format Version 12.00
# Visual Studio 15
VisualStudioVersion = 15.0.28010.2036
MinimumVisualStudioVersion = 10.0.40219.1
Project("{888888A0-9F3D-457C-B088-3A5042F75D52}") = "Pennies for Pay", "Pennies for Pay\Pennies for Pay.pyproj", "{EAE9643E-970B-4DBE-A5BD-5F8BE901F83B}"
EndProject
Global
	GlobalSection(SolutionConfigurationPlatforms) = preSolution
		Debug|Any CPU = Debug|Any CPU
		Release|Any CPU = Release|Any CPU
	EndGlobalSection
	GlobalSection(ProjectConfigurationPlatforms) = postSolution
		{EAE9643E-970B-4DBE-A5BD-5F8BE901F83B}.Debug|Any CPU.ActiveCfg = Debug|Any CPU
		{EAE9643E-970B-4DBE-A5BD-5F8BE901F83B}.Release|Any CPU.ActiveCfg = Release|Any CPU
	EndGlobalSection
	GlobalSection(SolutionProperties) = preSolution
		HideSolutionNode = FALSE
	EndGlobalSection
	GlobalSection(ExtensibilityGlobals) = postSolution
		SolutionGuid = {5FF503B3-B2D3-4BF3-9137-70AA8C6126E7}
	EndGlobalSection
EndGlobal
