
Microsoft Visual Studio Solution File, Format Version 12.00
# Visual Studio 15
VisualStudioVersion = 15.0.28010.2036
MinimumVisualStudioVersion = 10.0.40219.1
Project("{888888A0-9F3D-457C-B088-3A5042F75D52}") = "File Head Display", "File Head Display\File Head Display.pyproj", "{EC52E383-D2D0-4D20-8398-058DD03F4D7D}"
EndProject
Global
	GlobalSection(SolutionConfigurationPlatforms) = preSolution
		Debug|Any CPU = Debug|Any CPU
		Release|Any CPU = Release|Any CPU
	EndGlobalSection
	GlobalSection(ProjectConfigurationPlatforms) = postSolution
		{EC52E383-D2D0-4D20-8398-058DD03F4D7D}.Debug|Any CPU.ActiveCfg = Debug|Any CPU
		{EC52E383-D2D0-4D20-8398-058DD03F4D7D}.Release|Any CPU.ActiveCfg = Release|Any CPU
	EndGlobalSection
	GlobalSection(SolutionProperties) = preSolution
		HideSolutionNode = FALSE
	EndGlobalSection
	GlobalSection(ExtensibilityGlobals) = postSolution
		SolutionGuid = {31FE2F5C-07CB-48A8-AE5F-EC504CDD4E81}
	EndGlobalSection
EndGlobal
