
Microsoft Visual Studio Solution File, Format Version 12.00
# Visual Studio 15
VisualStudioVersion = 15.0.28010.2036
MinimumVisualStudioVersion = 10.0.40219.1
Project("{888888A0-9F3D-457C-B088-3A5042F75D52}") = "Line Numbers", "Line Numbers\Line Numbers.pyproj", "{544D2D61-ED83-4E65-B966-84F304BECCE8}"
EndProject
Global
	GlobalSection(SolutionConfigurationPlatforms) = preSolution
		Debug|Any CPU = Debug|Any CPU
		Release|Any CPU = Release|Any CPU
	EndGlobalSection
	GlobalSection(ProjectConfigurationPlatforms) = postSolution
		{544D2D61-ED83-4E65-B966-84F304BECCE8}.Debug|Any CPU.ActiveCfg = Debug|Any CPU
		{544D2D61-ED83-4E65-B966-84F304BECCE8}.Release|Any CPU.ActiveCfg = Release|Any CPU
	EndGlobalSection
	GlobalSection(SolutionProperties) = preSolution
		HideSolutionNode = FALSE
	EndGlobalSection
	GlobalSection(ExtensibilityGlobals) = postSolution
		SolutionGuid = {D01DF20C-E9E9-4F89-9C6F-BB69541D0CCD}
	EndGlobalSection
EndGlobal
