
Microsoft Visual Studio Solution File, Format Version 12.00
# Visual Studio 15
VisualStudioVersion = 15.0.28010.2036
MinimumVisualStudioVersion = 10.0.40219.1
Project("{888888A0-9F3D-457C-B088-3A5042F75D52}") = "Date Printer", "Date Printer\Date Printer.pyproj", "{F250E8E8-7442-441F-AF8A-D57F5B6ADD6E}"
EndProject
Global
	GlobalSection(SolutionConfigurationPlatforms) = preSolution
		Debug|Any CPU = Debug|Any CPU
		Release|Any CPU = Release|Any CPU
	EndGlobalSection
	GlobalSection(ProjectConfigurationPlatforms) = postSolution
		{F250E8E8-7442-441F-AF8A-D57F5B6ADD6E}.Debug|Any CPU.ActiveCfg = Debug|Any CPU
		{F250E8E8-7442-441F-AF8A-D57F5B6ADD6E}.Release|Any CPU.ActiveCfg = Release|Any CPU
	EndGlobalSection
	GlobalSection(SolutionProperties) = preSolution
		HideSolutionNode = FALSE
	EndGlobalSection
	GlobalSection(ExtensibilityGlobals) = postSolution
		SolutionGuid = {E5CF2224-23C3-4BFF-B4EF-D7FCB815E169}
	EndGlobalSection
EndGlobal
