
Microsoft Visual Studio Solution File, Format Version 12.00
# Visual Studio 15
VisualStudioVersion = 15.0.28010.2036
MinimumVisualStudioVersion = 10.0.40219.1
Project("{888888A0-9F3D-457C-B088-3A5042F75D52}") = "Retail Store", "Retail Store\Retail Store.pyproj", "{F53F028C-C2B4-4B3C-8A37-6259E493303B}"
EndProject
Global
	GlobalSection(SolutionConfigurationPlatforms) = preSolution
		Debug|Any CPU = Debug|Any CPU
		Release|Any CPU = Release|Any CPU
	EndGlobalSection
	GlobalSection(ProjectConfigurationPlatforms) = postSolution
		{F53F028C-C2B4-4B3C-8A37-6259E493303B}.Debug|Any CPU.ActiveCfg = Debug|Any CPU
		{F53F028C-C2B4-4B3C-8A37-6259E493303B}.Release|Any CPU.ActiveCfg = Release|Any CPU
	EndGlobalSection
	GlobalSection(SolutionProperties) = preSolution
		HideSolutionNode = FALSE
	EndGlobalSection
	GlobalSection(ExtensibilityGlobals) = postSolution
		SolutionGuid = {D86E6298-9D37-4BD2-A388-51B028CEB49D}
	EndGlobalSection
EndGlobal
