
Microsoft Visual Studio Solution File, Format Version 12.00
# Visual Studio 15
VisualStudioVersion = 15.0.28010.2036
MinimumVisualStudioVersion = 10.0.40219.1
Project("{888888A0-9F3D-457C-B088-3A5042F75D52}") = "Most Frequent Character", "Most Frequent Character\Most Frequent Character.pyproj", "{7FD11162-6BF0-4950-8C39-2914F2DFC1F4}"
EndProject
Global
	GlobalSection(SolutionConfigurationPlatforms) = preSolution
		Debug|Any CPU = Debug|Any CPU
		Release|Any CPU = Release|Any CPU
	EndGlobalSection
	GlobalSection(ProjectConfigurationPlatforms) = postSolution
		{7FD11162-6BF0-4950-8C39-2914F2DFC1F4}.Debug|Any CPU.ActiveCfg = Debug|Any CPU
		{7FD11162-6BF0-4950-8C39-2914F2DFC1F4}.Release|Any CPU.ActiveCfg = Release|Any CPU
	EndGlobalSection
	GlobalSection(SolutionProperties) = preSolution
		HideSolutionNode = FALSE
	EndGlobalSection
	GlobalSection(ExtensibilityGlobals) = postSolution
		SolutionGuid = {66D4BC88-8C08-43CE-8E2B-277DD67ECDD0}
	EndGlobalSection
EndGlobal
