
Microsoft Visual Studio Solution File, Format Version 12.00
# Visual Studio 15
VisualStudioVersion = 15.0.28010.2036
MinimumVisualStudioVersion = 10.0.40219.1
Project("{888888A0-9F3D-457C-B088-3A5042F75D52}") = "Time Calculator", "Time Calculator\Time Calculator.pyproj", "{CAF3F0EA-0D03-4D17-80E4-A30E5C356D32}"
EndProject
Global
	GlobalSection(SolutionConfigurationPlatforms) = preSolution
		Debug|Any CPU = Debug|Any CPU
		Release|Any CPU = Release|Any CPU
	EndGlobalSection
	GlobalSection(ProjectConfigurationPlatforms) = postSolution
		{CAF3F0EA-0D03-4D17-80E4-A30E5C356D32}.Debug|Any CPU.ActiveCfg = Debug|Any CPU
		{CAF3F0EA-0D03-4D17-80E4-A30E5C356D32}.Release|Any CPU.ActiveCfg = Release|Any CPU
	EndGlobalSection
	GlobalSection(SolutionProperties) = preSolution
		HideSolutionNode = FALSE
	EndGlobalSection
	GlobalSection(ExtensibilityGlobals) = postSolution
		SolutionGuid = {226AF3D1-AB3D-4B53-A394-AB64668A421A}
	EndGlobalSection
EndGlobal
