
Microsoft Visual Studio Solution File, Format Version 12.00
# Visual Studio 15
VisualStudioVersion = 15.0.28010.2036
MinimumVisualStudioVersion = 10.0.40219.1
Project("{888888A0-9F3D-457C-B088-3A5042F75D52}") = "Alphabetic Telephone Number Translator", "Alphabetic Telephone Number Translator\Alphabetic Telephone Number Translator.pyproj", "{490CBA03-B0E9-45F5-81C2-4C5FFBCCA57C}"
EndProject
Global
	GlobalSection(SolutionConfigurationPlatforms) = preSolution
		Debug|Any CPU = Debug|Any CPU
		Release|Any CPU = Release|Any CPU
	EndGlobalSection
	GlobalSection(ProjectConfigurationPlatforms) = postSolution
		{490CBA03-B0E9-45F5-81C2-4C5FFBCCA57C}.Debug|Any CPU.ActiveCfg = Debug|Any CPU
		{490CBA03-B0E9-45F5-81C2-4C5FFBCCA57C}.Release|Any CPU.ActiveCfg = Release|Any CPU
	EndGlobalSection
	GlobalSection(SolutionProperties) = preSolution
		HideSolutionNode = FALSE
	EndGlobalSection
	GlobalSection(ExtensibilityGlobals) = postSolution
		SolutionGuid = {7F9C90ED-A419-4239-8B65-524236A9593B}
	EndGlobalSection
EndGlobal
